// !$*UTF8*$!
{
	archiveVersion = 1;
	classes = {
	};
	objectVersion = 50;
	objects = {

/* Begin PBXBuildFile section */
		33927B3E24CDF40600581435 /* AppDelegate.swift in Sources */ = {isa = PBXBuildFile; fileRef = 33927B3D24CDF40600581435 /* AppDelegate.swift */; };
		33927B4024CDF40600581435 /* ContentView.swift in Sources */ = {isa = PBXBuildFile; fileRef = 33927B3F24CDF40600581435 /* ContentView.swift */; };
		33927B4224CDF40700581435 /* Assets.xcassets in Resources */ = {isa = PBXBuildFile; fileRef = 33927B4124CDF40700581435 /* Assets.xcassets */; };
		33927B4524CDF40700581435 /* Preview Assets.xcassets in Resources */ = {isa = PBXBuildFile; fileRef = 33927B4424CDF40700581435 /* Preview Assets.xcassets */; };
		33927B4824CDF40700581435 /* Main.storyboard in Resources */ = {isa = PBXBuildFile; fileRef = 33927B4624CDF40700581435 /* Main.storyboard */; };
		33927B5424CDF40700581435 /* itlwmbuildTests.swift in Sources */ = {isa = PBXBuildFile; fileRef = 33927B5324CDF40700581435 /* itlwmbuildTests.swift */; };
		33927B5F24CDF40800581435 /* itlwmbuildUITests.swift in Sources */ = {isa = PBXBuildFile; fileRef = 33927B5E24CDF40800581435 /* itlwmbuildUITests.swift */; };
/* End PBXBuildFile section */

/* Begin PBXContainerItemProxy section */
		33927B5024CDF40700581435 /* PBXContainerItemProxy */ = {
			isa = PBXContainerItemProxy;
			containerPortal = 33927B3224CDF40600581435 /* Project object */;
			proxyType = 1;
			remoteGlobalIDString = 33927B3924CDF40600581435;
			remoteInfo = itlwmbuild;
		};
		33927B5B24CDF40800581435 /* PBXContainerItemProxy */ = {
			isa = PBXContainerItemProxy;
			containerPortal = 33927B3224CDF40600581435 /* Project object */;
			proxyType = 1;
			remoteGlobalIDString = 33927B3924CDF40600581435;
			remoteInfo = itlwmbuild;
		};
/* End PBXContainerItemProxy section */

/* Begin PBXFileReference section */
		33927B3A24CDF40600581435 /* itlwmbuild.app */ = {isa = PBXFileReference; explicitFileType = wrapper.application; includeInIndex = 0; path = itlwmbuild.app; sourceTree = BUILT_PRODUCTS_DIR; };
		33927B3D24CDF40600581435 /* AppDelegate.swift */ = {isa = PBXFileReference; lastKnownFileType = sourcecode.swift; path = AppDelegate.swift; sourceTree = "<group>"; };
		33927B3F24CDF40600581435 /* ContentView.swift */ = {isa = PBXFileReference; lastKnownFileType = sourcecode.swift; path = ContentView.swift; sourceTree = "<group>"; };
		33927B4124CDF40700581435 /* Assets.xcassets */ = {isa = PBXFileReference; lastKnownFileType = folder.assetcatalog; path = Assets.xcassets; sourceTree = "<group>"; };
		33927B4424CDF40700581435 /* Preview Assets.xcassets */ = {isa = PBXFileReference; lastKnownFileType = folder.assetcatalog; path = "Preview Assets.xcassets"; sourceTree = "<group>"; };
		33927B4724CDF40700581435 /* Base */ = {isa = PBXFileReference; lastKnownFileType = file.storyboard; name = Base; path = Base.lproj/Main.storyboard; sourceTree = "<group>"; };
		33927B4924CDF40700581435 /* Info.plist */ = {isa = PBXFileReference; lastKnownFileType = text.plist.xml; path = Info.plist; sourceTree = "<group>"; };
		33927B4A24CDF40700581435 /* itlwmbuild.entitlements */ = {isa = PBXFileReference; lastKnownFileType = text.plist.entitlements; path = itlwmbuild.entitlements; sourceTree = "<group>"; };
		33927B4F24CDF40700581435 /* itlwmbuildTests.xctest */ = {isa = PBXFileReference; explicitFileType = wrapper.cfbundle; includeInIndex = 0; path = itlwmbuildTests.xctest; sourceTree = BUILT_PRODUCTS_DIR; };
		33927B5324CDF40700581435 /* itlwmbuildTests.swift */ = {isa = PBXFileReference; lastKnownFileType = sourcecode.swift; path = itlwmbuildTests.swift; sourceTree = "<group>"; };
		33927B5524CDF40700581435 /* Info.plist */ = {isa = PBXFileReference; lastKnownFileType = text.plist.xml; path = Info.plist; sourceTree = "<group>"; };
		33927B5A24CDF40800581435 /* itlwmbuildUITests.xctest */ = {isa = PBXFileReference; explicitFileType = wrapper.cfbundle; includeInIndex = 0; path = itlwmbuildUITests.xctest; sourceTree = BUILT_PRODUCTS_DIR; };
		33927B5E24CDF40800581435 /* itlwmbuildUITests.swift */ = {isa = PBXFileReference; lastKnownFileType = sourcecode.swift; path = itlwmbuildUITests.swift; sourceTree = "<group>"; };
		33927B6024CDF40800581435 /* Info.plist */ = {isa = PBXFileReference; lastKnownFileType = text.plist.xml; path = Info.plist; sourceTree = "<group>"; };
/* End PBXFileReference section */

/* Begin PBXFrameworksBuildPhase section */
		33927B3724CDF40600581435 /* Frameworks */ = {
			isa = PBXFrameworksBuildPhase;
			buildActionMask = 2147483647;
			files = (
			);
			runOnlyForDeploymentPostprocessing = 0;
		};
		33927B4C24CDF40700581435 /* Frameworks */ = {
			isa = PBXFrameworksBuildPhase;
			buildActionMask = 2147483647;
			files = (
			);
			runOnlyForDeploymentPostprocessing = 0;
		};
		33927B5724CDF40800581435 /* Frameworks */ = {
			isa = PBXFrameworksBuildPhase;
			buildActionMask = 2147483647;
			files = (
			);
			runOnlyForDeploymentPostprocessing = 0;
		};
/* End PBXFrameworksBuildPhase section */

/* Begin PBXGroup section */
		33927B3124CDF40600581435 = {
			isa = PBXGroup;
			children = (
				33927B3C24CDF40600581435 /* itlwmbuild */,
				33927B5224CDF40700581435 /* itlwmbuildTests */,
				33927B5D24CDF40800581435 /* itlwmbuildUITests */,
				33927B3B24CDF40600581435 /* Products */,
			);
			sourceTree = "<group>";
		};
		33927B3B24CDF40600581435 /* Products */ = {
			isa = PBXGroup;
			children = (
				33927B3A24CDF40600581435 /* itlwmbuild.app */,
				33927B4F24CDF40700581435 /* itlwmbuildTests.xctest */,
				33927B5A24CDF40800581435 /* itlwmbuildUITests.xctest */,
			);
			name = Products;
			sourceTree = "<group>";
		};
		33927B3C24CDF40600581435 /* itlwmbuild */ = {
			isa = PBXGroup;
			children = (
				33927B3D24CDF40600581435 /* AppDelegate.swift */,
				33927B3F24CDF40600581435 /* ContentView.swift */,
				33927B4124CDF40700581435 /* Assets.xcassets */,
				33927B4624CDF40700581435 /* Main.storyboard */,
				33927B4924CDF40700581435 /* Info.plist */,
				33927B4A24CDF40700581435 /* itlwmbuild.entitlements */,
				33927B4324CDF40700581435 /* Preview Content */,
			);
			path = itlwmbuild;
			sourceTree = "<group>";
		};
		33927B4324CDF40700581435 /* Preview Content */ = {
			isa = PBXGroup;
			children = (
				33927B4424CDF40700581435 /* Preview Assets.xcassets */,
			);
			path = "Preview Content";
			sourceTree = "<group>";
		};
		33927B5224CDF40700581435 /* itlwmbuildTests */ = {
			isa = PBXGroup;
			children = (
				33927B5324CDF40700581435 /* itlwmbuildTests.swift */,
				33927B5524CDF40700581435 /* Info.plist */,
			);
			path = itlwmbuildTests;
			sourceTree = "<group>";
		};
		33927B5D24CDF40800581435 /* itlwmbuildUITests */ = {
			isa = PBXGroup;
			children = (
				33927B5E24CDF40800581435 /* itlwmbuildUITests.swift */,
				33927B6024CDF40800581435 /* Info.plist */,
			);
			path = itlwmbuildUITests;
			sourceTree = "<group>";
		};
/* End PBXGroup section */

/* Begin PBXNativeTarget section */
		33927B3924CDF40600581435 /* itlwmbuild */ = {
			isa = PBXNativeTarget;
			buildConfigurationList = 33927B6324CDF40800581435 /* Build configuration list for PBXNativeTarget "itlwmbuild" */;
			buildPhases = (
				33927B3624CDF40600581435 /* Sources */,
				33927B3724CDF40600581435 /* Frameworks */,
				33927B3824CDF40600581435 /* Resources */,
			);
			buildRules = (
			);
			dependencies = (
			);
			name = itlwmbuild;
			productName = itlwmbuild;
			productReference = 33927B3A24CDF40600581435 /* itlwmbuild.app */;
			productType = "com.apple.product-type.application";
		};
		33927B4E24CDF40700581435 /* itlwmbuildTests */ = {
			isa = PBXNativeTarget;
			buildConfigurationList = 33927B6624CDF40800581435 /* Build configuration list for PBXNativeTarget "itlwmbuildTests" */;
			buildPhases = (
				33927B4B24CDF40700581435 /* Sources */,
				33927B4C24CDF40700581435 /* Frameworks */,
				33927B4D24CDF40700581435 /* Resources */,
			);
			buildRules = (
			);
			dependencies = (
				33927B5124CDF40700581435 /* PBXTargetDependency */,
			);
			name = itlwmbuildTests;
			productName = itlwmbuildTests;
			productReference = 33927B4F24CDF40700581435 /* itlwmbuildTests.xctest */;
			productType = "com.apple.product-type.bundle.unit-test";
		};
		33927B5924CDF40800581435 /* itlwmbuildUITests */ = {
			isa = PBXNativeTarget;
			buildConfigurationList = 33927B6924CDF40800581435 /* Build configuration list for PBXNativeTarget "itlwmbuildUITests" */;
			buildPhases = (
				33927B5624CDF40800581435 /* Sources */,
				33927B5724CDF40800581435 /* Frameworks */,
				33927B5824CDF40800581435 /* Resources */,
			);
			buildRules = (
			);
			dependencies = (
				33927B5C24CDF40800581435 /* PBXTargetDependency */,
			);
			name = itlwmbuildUITests;
			productName = itlwmbuildUITests;
			productReference = 33927B5A24CDF40800581435 /* itlwmbuildUITests.xctest */;
			productType = "com.apple.product-type.bundle.ui-testing";
		};
/* End PBXNativeTarget section */

/* Begin PBXProject section */
		33927B3224CDF40600581435 /* Project object */ = {
			isa = PBXProject;
			attributes = {
				LastSwiftUpdateCheck = 1160;
				LastUpgradeCheck = 1160;
				ORGANIZATIONNAME = "Lunjie Li";
				TargetAttributes = {
					33927B3924CDF40600581435 = {
						CreatedOnToolsVersion = 11.6;
					};
					33927B4E24CDF40700581435 = {
						CreatedOnToolsVersion = 11.6;
						TestTargetID = 33927B3924CDF40600581435;
					};
					33927B5924CDF40800581435 = {
						CreatedOnToolsVersion = 11.6;
						TestTargetID = 33927B3924CDF40600581435;
					};
				};
			};
			buildConfigurationList = 33927B3524CDF40600581435 /* Build configuration list for PBXProject "itlwmbuild" */;
			compatibilityVersion = "Xcode 9.3";
			developmentRegion = en;
			hasScannedForEncodings = 0;
			knownRegions = (
				en,
				Base,
			);
			mainGroup = 33927B3124CDF40600581435;
			productRefGroup = 33927B3B24CDF40600581435 /* Products */;
			projectDirPath = "";
			projectRoot = "";
			targets = (
				33927B3924CDF40600581435 /* itlwmbuild */,
				33927B4E24CDF40700581435 /* itlwmbuildTests */,
				33927B5924CDF40800581435 /* itlwmbuildUITests */,
			);
		};
/* End PBXProject section */

/* Begin PBXResourcesBuildPhase section */
		33927B3824CDF40600581435 /* Resources */ = {
			isa = PBXResourcesBuildPhase;
			buildActionMask = 2147483647;
			files = (
				33927B4824CDF40700581435 /* Main.storyboard in Resources */,
				33927B4524CDF40700581435 /* Preview Assets.xcassets in Resources */,
				33927B4224CDF40700581435 /* Assets.xcassets in Resources */,
			);
			runOnlyForDeploymentPostprocessing = 0;
		};
		33927B4D24CDF40700581435 /* Resources */ = {
			isa = PBXResourcesBuildPhase;
			buildActionMask = 2147483647;
			files = (
			);
			runOnlyForDeploymentPostprocessing = 0;
		};
		33927B5824CDF40800581435 /* Resources */ = {
			isa = PBXResourcesBuildPhase;
			buildActionMask = 2147483647;
			files = (
			);
			runOnlyForDeploymentPostprocessing = 0;
		};
/* End PBXResourcesBuildPhase section */

/* Begin PBXSourcesBuildPhase section */
		33927B3624CDF40600581435 /* Sources */ = {
			isa = PBXSourcesBuildPhase;
			buildActionMask = 2147483647;
			files = (
				33927B4024CDF40600581435 /* ContentView.swift in Sources */,
				33927B3E24CDF40600581435 /* AppDelegate.swift in Sources */,
			);
			runOnlyForDeploymentPostprocessing = 0;
		};
		33927B4B24CDF40700581435 /* Sources */ = {
			isa = PBXSourcesBuildPhase;
			buildActionMask = 2147483647;
			files = (
				33927B5424CDF40700581435 /* itlwmbuildTests.swift in Sources */,
			);
			runOnlyForDeploymentPostprocessing = 0;
		};
		33927B5624CDF40800581435 /* Sources */ = {
			isa = PBXSourcesBuildPhase;
			buildActionMask = 2147483647;
			files = (
				33927B5F24CDF40800581435 /* itlwmbuildUITests.swift in Sources */,
			);
			runOnlyForDeploymentPostprocessing = 0;
		};
/* End PBXSourcesBuildPhase section */

/* Begin PBXTargetDependency section */
		33927B5124CDF40700581435 /* PBXTargetDependency */ = {
			isa = PBXTargetDependency;
			target = 33927B3924CDF40600581435 /* itlwmbuild */;
			targetProxy = 33927B5024CDF40700581435 /* PBXContainerItemProxy */;
		};
		33927B5C24CDF40800581435 /* PBXTargetDependency */ = {
			isa = PBXTargetDependency;
			target = 33927B3924CDF40600581435 /* itlwmbuild */;
			targetProxy = 33927B5B24CDF40800581435 /* PBXContainerItemProxy */;
		};
/* End PBXTargetDependency section */

/* Begin PBXVariantGroup section */
		33927B4624CDF40700581435 /* Main.storyboard */ = {
			isa = PBXVariantGroup;
			children = (
				33927B4724CDF40700581435 /* Base */,
			);
			name = Main.storyboard;
			sourceTree = "<group>";
		};
/* End PBXVariantGroup section */

/* Begin XCBuildConfiguration section */
		33927B6124CDF40800581435 /* Debug */ = {
			isa = XCBuildConfiguration;
			buildSettings = {
				ALWAYS_SEARCH_USER_PATHS = NO;
				CLANG_ANALYZER_NONNULL = YES;
				CLANG_ANALYZER_NUMBER_OBJECT_CONVERSION = YES_AGGRESSIVE;
				CLANG_CXX_LANGUAGE_STANDARD = "gnu++14";
				CLANG_CXX_LIBRARY = "libc++";
				CLANG_ENABLE_MODULES = YES;
				CLANG_ENABLE_OBJC_ARC = YES;
				CLANG_ENABLE_OBJC_WEAK = YES;
				CLANG_WARN_BLOCK_CAPTURE_AUTORELEASING = YES;
				CLANG_WARN_BOOL_CONVERSION = YES;
				CLANG_WARN_COMMA = YES;
				CLANG_WARN_CONSTANT_CONVERSION = YES;
				CLANG_WARN_DEPRECATED_OBJC_IMPLEMENTATIONS = YES;
				CLANG_WARN_DIRECT_OBJC_ISA_USAGE = YES_ERROR;
				CLANG_WARN_DOCUMENTATION_COMMENTS = YES;
				CLANG_WARN_EMPTY_BODY = YES;
				CLANG_WARN_ENUM_CONVERSION = YES;
				CLANG_WARN_INFINITE_RECURSION = YES;
				CLANG_WARN_INT_CONVERSION = YES;
				CLANG_WARN_NON_LITERAL_NULL_CONVERSION = YES;
				CLANG_WARN_OBJC_IMPLICIT_RETAIN_SELF = YES;
				CLANG_WARN_OBJC_LITERAL_CONVERSION = YES;
				CLANG_WARN_OBJC_ROOT_CLASS = YES_ERROR;
				CLANG_WARN_RANGE_LOOP_ANALYSIS = YES;
				CLANG_WARN_STRICT_PROTOTYPES = YES;
				CLANG_WARN_SUSPICIOUS_MOVE = YES;
				CLANG_WARN_UNGUARDED_AVAILABILITY = YES_AGGRESSIVE;
				CLANG_WARN_UNREACHABLE_CODE = YES;
				CLANG_WARN__DUPLICATE_METHOD_MATCH = YES;
				COPY_PHASE_STRIP = NO;
				DEBUG_INFORMATION_FORMAT = dwarf;
				ENABLE_STRICT_OBJC_MSGSEND = YES;
				ENABLE_TESTABILITY = YES;
				GCC_C_LANGUAGE_STANDARD = gnu11;
				GCC_DYNAMIC_NO_PIC = NO;
				GCC_NO_COMMON_BLOCKS = YES;
				GCC_OPTIMIZATION_LEVEL = 0;
				GCC_PREPROCESSOR_DEFINITIONS = (
					"DEBUG=1",
					"$(inherited)",
				);
				GCC_WARN_64_TO_32_BIT_CONVERSION = YES;
				GCC_WARN_ABOUT_RETURN_TYPE = YES_ERROR;
				GCC_WARN_UNDECLARED_SELECTOR = YES;
				GCC_WARN_UNINITIALIZED_AUTOS = YES_AGGRESSIVE;
				GCC_WARN_UNUSED_FUNCTION = YES;
				GCC_WARN_UNUSED_VARIABLE = YES;
				MACOSX_DEPLOYMENT_TARGET = 10.16;
				MTL_ENABLE_DEBUG_INFO = INCLUDE_SOURCE;
				MTL_FAST_MATH = YES;
				ONLY_ACTIVE_ARCH = YES;
				SDKROOT = macosx;
				SWIFT_ACTIVE_COMPILATION_CONDITIONS = DEBUG;
				SWIFT_OPTIMIZATION_LEVEL = "-Onone";
			};
			name = Debug;
		};
		33927B6224CDF40800581435 /* Release */ = {
			isa = XCBuildConfiguration;
			buildSettings = {
				ALWAYS_SEARCH_USER_PATHS = NO;
				CLANG_ANALYZER_NONNULL = YES;
				CLANG_ANALYZER_NUMBER_OBJECT_CONVERSION = YES_AGGRESSIVE;
				CLANG_CXX_LANGUAGE_STANDARD = "gnu++14";
				CLANG_CXX_LIBRARY = "libc++";
				CLANG_ENABLE_MODULES = YES;
				CLANG_ENABLE_OBJC_ARC = YES;
				CLANG_ENABLE_OBJC_WEAK = YES;
				CLANG_WARN_BLOCK_CAPTURE_AUTORELEASING = YES;
				CLANG_WARN_BOOL_CONVERSION = YES;
				CLANG_WARN_COMMA = YES;
				CLANG_WARN_CONSTANT_CONVERSION = YES;
				CLANG_WARN_DEPRECATED_OBJC_IMPLEMENTATIONS = YES;
				CLANG_WARN_DIRECT_OBJC_ISA_USAGE = YES_ERROR;
				CLANG_WARN_DOCUMENTATION_COMMENTS = YES;
				CLANG_WARN_EMPTY_BODY = YES;
				CLANG_WARN_ENUM_CONVERSION = YES;
				CLANG_WARN_INFINITE_RECURSION = YES;
				CLANG_WARN_INT_CONVERSION = YES;
				CLANG_WARN_NON_LITERAL_NULL_CONVERSION = YES;
				CLANG_WARN_OBJC_IMPLICIT_RETAIN_SELF = YES;
				CLANG_WARN_OBJC_LITERAL_CONVERSION = YES;
				CLANG_WARN_OBJC_ROOT_CLASS = YES_ERROR;
				CLANG_WARN_RANGE_LOOP_ANALYSIS = YES;
				CLANG_WARN_STRICT_PROTOTYPES = YES;
				CLANG_WARN_SUSPICIOUS_MOVE = YES;
				CLANG_WARN_UNGUARDED_AVAILABILITY = YES_AGGRESSIVE;
				CLANG_WARN_UNREACHABLE_CODE = YES;
				CLANG_WARN__DUPLICATE_METHOD_MATCH = YES;
				COPY_PHASE_STRIP = NO;
				DEBUG_INFORMATION_FORMAT = "dwarf-with-dsym";
				ENABLE_NS_ASSERTIONS = NO;
				ENABLE_STRICT_OBJC_MSGSEND = YES;
				GCC_C_LANGUAGE_STANDARD = gnu11;
				GCC_NO_COMMON_BLOCKS = YES;
				GCC_WARN_64_TO_32_BIT_CONVERSION = YES;
				GCC_WARN_ABOUT_RETURN_TYPE = YES_ERROR;
				GCC_WARN_UNDECLARED_SELECTOR = YES;
				GCC_WARN_UNINITIALIZED_AUTOS = YES_AGGRESSIVE;
				GCC_WARN_UNUSED_FUNCTION = YES;
				GCC_WARN_UNUSED_VARIABLE = YES;
				MACOSX_DEPLOYMENT_TARGET = 10.16;
				MTL_ENABLE_DEBUG_INFO = NO;
				MTL_FAST_MATH = YES;
				SDKROOT = macosx;
				SWIFT_COMPILATION_MODE = wholemodule;
				SWIFT_OPTIMIZATION_LEVEL = "-O";
			};
			name = Release;
		};
		33927B6424CDF40800581435 /* Debug */ = {
			isa = XCBuildConfiguration;
			buildSettings = {
				ASSETCATALOG_COMPILER_APPICON_NAME = AppIcon;
				CODE_SIGN_ENTITLEMENTS = itlwmbuild/itlwmbuild.entitlements;
				CODE_SIGN_STYLE = Automatic;
				COMBINE_HIDPI_IMAGES = YES;
				DEVELOPMENT_ASSET_PATHS = "\"itlwmbuild/Preview Content\"";
				DEVELOPMENT_TEAM = DUF42MYZ68;
				ENABLE_HARDENED_RUNTIME = YES;
				ENABLE_PREVIEWS = YES;
				INFOPLIST_FILE = itlwmbuild/Info.plist;
				LD_RUNPATH_SEARCH_PATHS = (
					"$(inherited)",
					"@executable_path/../Frameworks",
				);
				MACOSX_DEPLOYMENT_TARGET = 10.15;
				PRODUCT_BUNDLE_IDENTIFIER = com.llj.itlwmbuild;
				PRODUCT_NAME = "$(TARGET_NAME)";
				SWIFT_VERSION = 5.0;
			};
			name = Debug;
		};
		33927B6524CDF40800581435 /* Release */ = {
			isa = XCBuildConfiguration;
			buildSettings = {
				ASSETCATALOG_COMPILER_APPICON_NAME = AppIcon;
				CODE_SIGN_ENTITLEMENTS = itlwmbuild/itlwmbuild.entitlements;
				CODE_SIGN_STYLE = Automatic;
				COMBINE_HIDPI_IMAGES = YES;
				DEVELOPMENT_ASSET_PATHS = "\"itlwmbuild/Preview Content\"";
				DEVELOPMENT_TEAM = DUF42MYZ68;
				ENABLE_HARDENED_RUNTIME = YES;
				ENABLE_PREVIEWS = YES;
				INFOPLIST_FILE = itlwmbuild/Info.plist;
				LD_RUNPATH_SEARCH_PATHS = (
					"$(inherited)",
					"@executable_path/../Frameworks",
				);
				MACOSX_DEPLOYMENT_TARGET = 10.15;
				PRODUCT_BUNDLE_IDENTIFIER = com.llj.itlwmbuild;
				PRODUCT_NAME = "$(TARGET_NAME)";
				SWIFT_VERSION = 5.0;
			};
			name = Release;
		};
		33927B6724CDF40800581435 /* Debug */ = {
			isa = XCBuildConfiguration;
			buildSettings = {
				ALWAYS_EMBED_SWIFT_STANDARD_LIBRARIES = YES;
				BUNDLE_LOADER = "$(TEST_HOST)";
				CODE_SIGN_STYLE = Automatic;
				COMBINE_HIDPI_IMAGES = YES;
				DEVELOPMENT_TEAM = DUF42MYZ68;
				INFOPLIST_FILE = itlwmbuildTests/Info.plist;
				LD_RUNPATH_SEARCH_PATHS = (
					"$(inherited)",
					"@executable_path/../Frameworks",
					"@loader_path/../Frameworks",
				);
				MACOSX_DEPLOYMENT_TARGET = 10.15;
				PRODUCT_BUNDLE_IDENTIFIER = com.llj.itlwmbuildTests;
				PRODUCT_NAME = "$(TARGET_NAME)";
				SWIFT_VERSION = 5.0;
				TEST_HOST = "$(BUILT_PRODUCTS_DIR)/itlwmbuild.app/Contents/MacOS/itlwmbuild";
			};
			name = Debug;
		};
		33927B6824CDF40800581435 /* Release */ = {
			isa = XCBuildConfiguration;
			buildSettings = {
				ALWAYS_EMBED_SWIFT_STANDARD_LIBRARIES = YES;
				BUNDLE_LOADER = "$(TEST_HOST)";
				CODE_SIGN_STYLE = Automatic;
				COMBINE_HIDPI_IMAGES = YES;
				DEVELOPMENT_TEAM = DUF42MYZ68;
				INFOPLIST_FILE = itlwmbuildTests/Info.plist;
				LD_RUNPATH_SEARCH_PATHS = (
					"$(inherited)",
					"@executable_path/../Frameworks",
					"@loader_path/../Frameworks",
				);
				MACOSX_DEPLOYMENT_TARGET = 10.15;
				PRODUCT_BUNDLE_IDENTIFIER = com.llj.itlwmbuildTests;
				PRODUCT_NAME = "$(TARGET_NAME)";
				SWIFT_VERSION = 5.0;
				TEST_HOST = "$(BUILT_PRODUCTS_DIR)/itlwmbuild.app/Contents/MacOS/itlwmbuild";
			};
			name = Release;
		};
		33927B6A24CDF40800581435 /* Debug */ = {
			isa = XCBuildConfiguration;
			buildSettings = {
				ALWAYS_EMBED_SWIFT_STANDARD_LIBRARIES = YES;
				CODE_SIGN_STYLE = Automatic;
				COMBINE_HIDPI_IMAGES = YES;
				DEVELOPMENT_TEAM = DUF42MYZ68;
				INFOPLIST_FILE = itlwmbuildUITests/Info.plist;
				LD_RUNPATH_SEARCH_PATHS = (
					"$(inherited)",
					"@executable_path/../Frameworks",
					"@loader_path/../Frameworks",
				);
				PRODUCT_BUNDLE_IDENTIFIER = com.llj.itlwmbuildUITests;
				PRODUCT_NAME = "$(TARGET_NAME)";
				SWIFT_VERSION = 5.0;
				TEST_TARGET_NAME = itlwmbuild;
			};
			name = Debug;
		};
		33927B6B24CDF40800581435 /* Release */ = {
			isa = XCBuildConfiguration;
			buildSettings = {
				ALWAYS_EMBED_SWIFT_STANDARD_LIBRARIES = YES;
				CODE_SIGN_STYLE = Automatic;
				COMBINE_HIDPI_IMAGES = YES;
				DEVELOPMENT_TEAM = DUF42MYZ68;
				INFOPLIST_FILE = itlwmbuildUITests/Info.plist;
				LD_RUNPATH_SEARCH_PATHS = (
					"$(inherited)",
					"@executable_path/../Frameworks",
					"@loader_path/../Frameworks",
				);
				PRODUCT_BUNDLE_IDENTIFIER = com.llj.itlwmbuildUITests;
				PRODUCT_NAME = "$(TARGET_NAME)";
				SWIFT_VERSION = 5.0;
				TEST_TARGET_NAME = itlwmbuild;
			};
			name = Release;
		};
/* End XCBuildConfiguration section */

/* Begin XCConfigurationList section */
		33927B3524CDF40600581435 /* Build configuration list for PBXProject "itlwmbuild" */ = {
			isa = XCConfigurationList;
			buildConfigurations = (
				33927B6124CDF40800581435 /* Debug */,
				33927B6224CDF40800581435 /* Release */,
			);
			defaultConfigurationIsVisible = 0;
			defaultConfigurationName = Release;
		};
		33927B6324CDF40800581435 /* Build configuration list for PBXNativeTarget "itlwmbuild" */ = {
			isa = XCConfigurationList;
			buildConfigurations = (
				33927B6424CDF40800581435 /* Debug */,
				33927B6524CDF40800581435 /* Release */,
			);
			defaultConfigurationIsVisible = 0;
			defaultConfigurationName = Release;
		};
		33927B6624CDF40800581435 /* Build configuration list for PBXNativeTarget "itlwmbuildTests" */ = {
			isa = XCConfigurationList;
			buildConfigurations = (
				33927B6724CDF40800581435 /* Debug */,
				33927B6824CDF40800581435 /* Release */,
			);
			defaultConfigurationIsVisible = 0;
			defaultConfigurationName = Release;
		};
		33927B6924CDF40800581435 /* Build configuration list for PBXNativeTarget "itlwmbuildUITests" */ = {
			isa = XCConfigurationList;
			buildConfigurations = (
				33927B6A24CDF40800581435 /* Debug */,
				33927B6B24CDF40800581435 /* Release */,
			);
			defaultConfigurationIsVisible = 0;
			defaultConfigurationName = Release;
		};
/* End XCConfigurationList section */
	};
	rootObject = 33927B3224CDF40600581435 /* Project object */;
}
